
Microsoft Visual Studio Solution File, Format Version 12.00
# Visual Studio Version 17
VisualStudioVersion = 17.5.33530.505
MinimumVisualStudioVersion = 10.0.40219.1
Project("{FAE04EC0-301F-11D3-BF4B-00C04F79EFBC}") = "lab12", "lab12\lab12.csproj", "{74998781-AFCF-468B-A1A4-C81F30FE1179}"
EndProject
Global
	GlobalSection(SolutionConfigurationPlatforms) = preSolution
		Debug|Any CPU = Debug|Any CPU
		Release|Any CPU = Release|Any CPU
	EndGlobalSection
	GlobalSection(ProjectConfigurationPlatforms) = postSolution
		{74998781-AFCF-468B-A1A4-C81F30FE1179}.Debug|Any CPU.ActiveCfg = Debug|Any CPU
		{74998781-AFCF-468B-A1A4-C81F30FE1179}.Debug|Any CPU.Build.0 = Debug|Any CPU
		{74998781-AFCF-468B-A1A4-C81F30FE1179}.Release|Any CPU.ActiveCfg = Release|Any CPU
		{74998781-AFCF-468B-A1A4-C81F30FE1179}.Release|Any CPU.Build.0 = Release|Any CPU
	EndGlobalSection
	GlobalSection(SolutionProperties) = preSolution
		HideSolutionNode = FALSE
	EndGlobalSection
	GlobalSection(ExtensibilityGlobals) = postSolution
		SolutionGuid = {491DF924-C8A1-43BB-AE09-FF03533D0B38}
	EndGlobalSection
EndGlobal
